{
  "version": 4,
  "terraform_version": "1.13.5",
  "serial": 1,
  "lineage": "5966919c-691e-dbf0-2ced-4efdb8b0a90b",
  "outputs": {
    "api_gateway_url": {
      "value": null,
      "type": "string"
    }
  },
  "resources": [
    {
      "mode": "managed",
      "type": "aws_iam_role",
      "name": "lambda_role",
      "provider": "provider[\"registry.terraform.io/hashicorp/aws\"]",
      "instances": [
        {
          "schema_version": 0,
          "attributes": {
            "arn": "arn:aws:iam::937278768945:role/contact-form-lambda-role",
            "assume_role_policy": "{\"Statement\":[{\"Action\":\"sts:AssumeRole\",\"Effect\":\"Allow\",\"Principal\":{\"Service\":\"lambda.amazonaws.com\"}}],\"Version\":\"2012-10-17\"}",
            "create_date": "2025-11-21T00:58:44Z",
            "description": "",
            "force_detach_policies": false,
            "id": "contact-form-lambda-role",
            "inline_policy": [],
            "managed_policy_arns": [
              "arn:aws:iam::937278768945:policy/lambda-ses-policy",
              "arn:aws:iam::aws:policy/service-role/AWSLambdaBasicExecutionRole"
            ],
            "max_session_duration": 3600,
            "name": "contact-form-lambda-role",
            "name_prefix": "",
            "path": "/",
            "permissions_boundary": "",
            "tags": {},
            "tags_all": {},
            "unique_id": "AROA5UORLA4Y3NEKUWC77"
          },
          "sensitive_attributes": [],
          "identity_schema_version": 0,
          "identity": {
            "account_id": "937278768945",
            "name": "contact-form-lambda-role"
          },
          "private": "eyJzY2hlbWFfdmVyc2lvbiI6IjAifQ=="
        }
      ]
    }
  ],
  "check_results": null
}
